
Microsoft Visual Studio Solution File, Format Version 12.00
# Visual Studio Version 17
VisualStudioVersion = 17.10.34928.147
MinimumVisualStudioVersion = 10.0.40219.1
Project("{9A19103F-16F7-4668-BE54-9A1E7A4F7556}") = "Scan-Network", "Scan-Network.csproj", "{2FB808CF-75D4-4A21-B9F3-AE91FF0FA164}"
EndProject
Global
	GlobalSection(SolutionConfigurationPlatforms) = preSolution
		Debug|Any CPU = Debug|Any CPU
		Release|Any CPU = Release|Any CPU
	EndGlobalSection
	GlobalSection(ProjectConfigurationPlatforms) = postSolution
		{2FB808CF-75D4-4A21-B9F3-AE91FF0FA164}.Debug|Any CPU.ActiveCfg = Debug|Any CPU
		{2FB808CF-75D4-4A21-B9F3-AE91FF0FA164}.Debug|Any CPU.Build.0 = Debug|Any CPU
		{2FB808CF-75D4-4A21-B9F3-AE91FF0FA164}.Release|Any CPU.ActiveCfg = Release|Any CPU
		{2FB808CF-75D4-4A21-B9F3-AE91FF0FA164}.Release|Any CPU.Build.0 = Release|Any CPU
	EndGlobalSection
	GlobalSection(SolutionProperties) = preSolution
		HideSolutionNode = FALSE
	EndGlobalSection
	GlobalSection(ExtensibilityGlobals) = postSolution
		SolutionGuid = {C99564DA-9D04-4650-96DC-55089F1F75C1}
	EndGlobalSection
EndGlobal
